
Microsoft Visual Studio Solution File, Format Version 11.00
# Visual Studio 2010
# SharpDevelop 4.4
Project("{FD48973F-F585-4F70-812B-4D0503B36CE9}") = "prog 122h", "prog 122h\prog 122h.pyproj", "{6F5CF7E3-3C67-4260-A44F-16BCB311D7A9}"
EndProject
Global
	GlobalSection(SolutionConfigurationPlatforms) = preSolution
		Debug|Any CPU = Debug|Any CPU
		Release|Any CPU = Release|Any CPU
	EndGlobalSection
	GlobalSection(ProjectConfigurationPlatforms) = postSolution
		{6F5CF7E3-3C67-4260-A44F-16BCB311D7A9}.Debug|Any CPU.Build.0 = Debug|Any CPU
		{6F5CF7E3-3C67-4260-A44F-16BCB311D7A9}.Debug|Any CPU.ActiveCfg = Debug|Any CPU
		{6F5CF7E3-3C67-4260-A44F-16BCB311D7A9}.Release|Any CPU.Build.0 = Release|Any CPU
		{6F5CF7E3-3C67-4260-A44F-16BCB311D7A9}.Release|Any CPU.ActiveCfg = Release|Any CPU
	EndGlobalSection
EndGlobal
