
Microsoft Visual Studio Solution File, Format Version 11.00
# Visual Studio 2010
# SharpDevelop 4.4
Project("{FD48973F-F585-4F70-812B-4D0503B36CE9}") = "prog 122 a", "prog 122 a\prog 122 a.pyproj", "{D15245CF-8FB3-4BC0-ABDA-5889AE79E1ED}"
EndProject
Global
	GlobalSection(SolutionConfigurationPlatforms) = preSolution
		Debug|Any CPU = Debug|Any CPU
		Release|Any CPU = Release|Any CPU
	EndGlobalSection
	GlobalSection(ProjectConfigurationPlatforms) = postSolution
		{D15245CF-8FB3-4BC0-ABDA-5889AE79E1ED}.Debug|Any CPU.Build.0 = Debug|Any CPU
		{D15245CF-8FB3-4BC0-ABDA-5889AE79E1ED}.Debug|Any CPU.ActiveCfg = Debug|Any CPU
		{D15245CF-8FB3-4BC0-ABDA-5889AE79E1ED}.Release|Any CPU.Build.0 = Release|Any CPU
		{D15245CF-8FB3-4BC0-ABDA-5889AE79E1ED}.Release|Any CPU.ActiveCfg = Release|Any CPU
	EndGlobalSection
EndGlobal
