
Microsoft Visual Studio Solution File, Format Version 11.00
# Visual Studio 2010
# SharpDevelop 4.4
Project("{FD48973F-F585-4F70-812B-4D0503B36CE9}") = "prog 162 b", "prog 162 b\prog 162 b.pyproj", "{BAB4D968-6930-4AF1-84C8-1CA770F07C36}"
EndProject
Global
	GlobalSection(SolutionConfigurationPlatforms) = preSolution
		Debug|Any CPU = Debug|Any CPU
		Release|Any CPU = Release|Any CPU
	EndGlobalSection
	GlobalSection(ProjectConfigurationPlatforms) = postSolution
		{BAB4D968-6930-4AF1-84C8-1CA770F07C36}.Debug|Any CPU.Build.0 = Debug|Any CPU
		{BAB4D968-6930-4AF1-84C8-1CA770F07C36}.Debug|Any CPU.ActiveCfg = Debug|Any CPU
		{BAB4D968-6930-4AF1-84C8-1CA770F07C36}.Release|Any CPU.Build.0 = Release|Any CPU
		{BAB4D968-6930-4AF1-84C8-1CA770F07C36}.Release|Any CPU.ActiveCfg = Release|Any CPU
	EndGlobalSection
EndGlobal
