
Microsoft Visual Studio Solution File, Format Version 11.00
# Visual Studio 2010
# SharpDevelop 4.4
Project("{FD48973F-F585-4F70-812B-4D0503B36CE9}") = "prog 58 b", "prog 58 b\prog 58 b.pyproj", "{916156A8-1874-4EA7-8047-AD187810035C}"
EndProject
Global
	GlobalSection(SolutionConfigurationPlatforms) = preSolution
		Debug|Any CPU = Debug|Any CPU
		Release|Any CPU = Release|Any CPU
	EndGlobalSection
	GlobalSection(ProjectConfigurationPlatforms) = postSolution
		{916156A8-1874-4EA7-8047-AD187810035C}.Debug|Any CPU.Build.0 = Debug|Any CPU
		{916156A8-1874-4EA7-8047-AD187810035C}.Debug|Any CPU.ActiveCfg = Debug|Any CPU
		{916156A8-1874-4EA7-8047-AD187810035C}.Release|Any CPU.Build.0 = Release|Any CPU
		{916156A8-1874-4EA7-8047-AD187810035C}.Release|Any CPU.ActiveCfg = Release|Any CPU
	EndGlobalSection
EndGlobal
