
Microsoft Visual Studio Solution File, Format Version 11.00
# Visual Studio 2010
# SharpDevelop 4.4
Project("{FD48973F-F585-4F70-812B-4D0503B36CE9}") = "prog54aDict", "prog54aDict\prog54aDict.pyproj", "{B2470C79-606F-4D0D-AB05-95366CCB19C8}"
EndProject
Global
	GlobalSection(SolutionConfigurationPlatforms) = preSolution
		Debug|Any CPU = Debug|Any CPU
		Release|Any CPU = Release|Any CPU
	EndGlobalSection
	GlobalSection(ProjectConfigurationPlatforms) = postSolution
		{B2470C79-606F-4D0D-AB05-95366CCB19C8}.Debug|Any CPU.Build.0 = Debug|Any CPU
		{B2470C79-606F-4D0D-AB05-95366CCB19C8}.Debug|Any CPU.ActiveCfg = Debug|Any CPU
		{B2470C79-606F-4D0D-AB05-95366CCB19C8}.Release|Any CPU.Build.0 = Release|Any CPU
		{B2470C79-606F-4D0D-AB05-95366CCB19C8}.Release|Any CPU.ActiveCfg = Release|Any CPU
	EndGlobalSection
EndGlobal
