
Microsoft Visual Studio Solution File, Format Version 11.00
# Visual Studio 2010
# SharpDevelop 4.4
Project("{FD48973F-F585-4F70-812B-4D0503B36CE9}") = "pg198", "pg198\pg198.pyproj", "{97940C3E-D83A-4213-BD66-9D21F1D8CBFC}"
EndProject
Global
	GlobalSection(SolutionConfigurationPlatforms) = preSolution
		Debug|Any CPU = Debug|Any CPU
		Release|Any CPU = Release|Any CPU
	EndGlobalSection
	GlobalSection(ProjectConfigurationPlatforms) = postSolution
		{97940C3E-D83A-4213-BD66-9D21F1D8CBFC}.Debug|Any CPU.Build.0 = Debug|Any CPU
		{97940C3E-D83A-4213-BD66-9D21F1D8CBFC}.Debug|Any CPU.ActiveCfg = Debug|Any CPU
		{97940C3E-D83A-4213-BD66-9D21F1D8CBFC}.Release|Any CPU.Build.0 = Release|Any CPU
		{97940C3E-D83A-4213-BD66-9D21F1D8CBFC}.Release|Any CPU.ActiveCfg = Release|Any CPU
	EndGlobalSection
EndGlobal
