
Microsoft Visual Studio Solution File, Format Version 11.00
# Visual Studio 2010
# SharpDevelop 4.4
Project("{FD48973F-F585-4F70-812B-4D0503B36CE9}") = "prog 54 b", "prog 54 b\prog 54 b.pyproj", "{B84C4CBF-1E70-439C-8AC4-759EE151464E}"
EndProject
Global
	GlobalSection(SolutionConfigurationPlatforms) = preSolution
		Debug|Any CPU = Debug|Any CPU
		Release|Any CPU = Release|Any CPU
	EndGlobalSection
	GlobalSection(ProjectConfigurationPlatforms) = postSolution
		{B84C4CBF-1E70-439C-8AC4-759EE151464E}.Debug|Any CPU.Build.0 = Debug|Any CPU
		{B84C4CBF-1E70-439C-8AC4-759EE151464E}.Debug|Any CPU.ActiveCfg = Debug|Any CPU
		{B84C4CBF-1E70-439C-8AC4-759EE151464E}.Release|Any CPU.Build.0 = Release|Any CPU
		{B84C4CBF-1E70-439C-8AC4-759EE151464E}.Release|Any CPU.ActiveCfg = Release|Any CPU
	EndGlobalSection
EndGlobal
