
Microsoft Visual Studio Solution File, Format Version 11.00
# Visual Studio 2010
# SharpDevelop 4.4
Project("{FD48973F-F585-4F70-812B-4D0503B36CE9}") = "string stuff", "string stuff\string stuff.pyproj", "{6BD49831-974E-4570-A3A4-2D211DA46482}"
EndProject
Global
	GlobalSection(SolutionConfigurationPlatforms) = preSolution
		Debug|Any CPU = Debug|Any CPU
		Release|Any CPU = Release|Any CPU
	EndGlobalSection
	GlobalSection(ProjectConfigurationPlatforms) = postSolution
		{6BD49831-974E-4570-A3A4-2D211DA46482}.Debug|Any CPU.Build.0 = Debug|Any CPU
		{6BD49831-974E-4570-A3A4-2D211DA46482}.Debug|Any CPU.ActiveCfg = Debug|Any CPU
		{6BD49831-974E-4570-A3A4-2D211DA46482}.Release|Any CPU.Build.0 = Release|Any CPU
		{6BD49831-974E-4570-A3A4-2D211DA46482}.Release|Any CPU.ActiveCfg = Release|Any CPU
	EndGlobalSection
EndGlobal
