
Microsoft Visual Studio Solution File, Format Version 11.00
# Visual Studio 2010
# SharpDevelop 4.4
Project("{FD48973F-F585-4F70-812B-4D0503B36CE9}") = "prog 88a", "prog 88a\prog 88a.pyproj", "{8CAD2174-7C1A-42B6-AC9C-1432D1E04B93}"
EndProject
Global
	GlobalSection(SolutionConfigurationPlatforms) = preSolution
		Debug|Any CPU = Debug|Any CPU
		Release|Any CPU = Release|Any CPU
	EndGlobalSection
	GlobalSection(ProjectConfigurationPlatforms) = postSolution
		{8CAD2174-7C1A-42B6-AC9C-1432D1E04B93}.Debug|Any CPU.Build.0 = Debug|Any CPU
		{8CAD2174-7C1A-42B6-AC9C-1432D1E04B93}.Debug|Any CPU.ActiveCfg = Debug|Any CPU
		{8CAD2174-7C1A-42B6-AC9C-1432D1E04B93}.Release|Any CPU.Build.0 = Release|Any CPU
		{8CAD2174-7C1A-42B6-AC9C-1432D1E04B93}.Release|Any CPU.ActiveCfg = Release|Any CPU
	EndGlobalSection
EndGlobal
