
Microsoft Visual Studio Solution File, Format Version 11.00
# Visual Studio 2010
# SharpDevelop 4.4
Project("{FD48973F-F585-4F70-812B-4D0503B36CE9}") = "prog76a", "prog76a\prog76a.pyproj", "{81E89409-2A2E-4510-8DE8-EC4FBF773270}"
EndProject
Global
	GlobalSection(SolutionConfigurationPlatforms) = preSolution
		Debug|Any CPU = Debug|Any CPU
		Release|Any CPU = Release|Any CPU
	EndGlobalSection
	GlobalSection(ProjectConfigurationPlatforms) = postSolution
		{81E89409-2A2E-4510-8DE8-EC4FBF773270}.Debug|Any CPU.Build.0 = Debug|Any CPU
		{81E89409-2A2E-4510-8DE8-EC4FBF773270}.Debug|Any CPU.ActiveCfg = Debug|Any CPU
		{81E89409-2A2E-4510-8DE8-EC4FBF773270}.Release|Any CPU.Build.0 = Release|Any CPU
		{81E89409-2A2E-4510-8DE8-EC4FBF773270}.Release|Any CPU.ActiveCfg = Release|Any CPU
	EndGlobalSection
EndGlobal
