
Microsoft Visual Studio Solution File, Format Version 11.00
# Visual Studio 2010
# SharpDevelop 4.4
Project("{FD48973F-F585-4F70-812B-4D0503B36CE9}") = "Name", "Name\Name.pyproj", "{27FAB567-0BBD-4051-A993-83625D2A836F}"
EndProject
Global
	GlobalSection(SolutionConfigurationPlatforms) = preSolution
		Debug|Any CPU = Debug|Any CPU
		Release|Any CPU = Release|Any CPU
	EndGlobalSection
	GlobalSection(ProjectConfigurationPlatforms) = postSolution
		{27FAB567-0BBD-4051-A993-83625D2A836F}.Debug|Any CPU.Build.0 = Debug|Any CPU
		{27FAB567-0BBD-4051-A993-83625D2A836F}.Debug|Any CPU.ActiveCfg = Debug|Any CPU
		{27FAB567-0BBD-4051-A993-83625D2A836F}.Release|Any CPU.Build.0 = Release|Any CPU
		{27FAB567-0BBD-4051-A993-83625D2A836F}.Release|Any CPU.ActiveCfg = Release|Any CPU
	EndGlobalSection
EndGlobal
