
Microsoft Visual Studio Solution File, Format Version 11.00
# Visual Studio 2010
# SharpDevelop 4.4
Project("{FD48973F-F585-4F70-812B-4D0503B36CE9}") = "PONG", "PONG\PONG.pyproj", "{144F5930-6145-4F73-9D47-25CB0A64DD72}"
EndProject
Global
	GlobalSection(SolutionConfigurationPlatforms) = preSolution
		Debug|Any CPU = Debug|Any CPU
		Release|Any CPU = Release|Any CPU
	EndGlobalSection
	GlobalSection(ProjectConfigurationPlatforms) = postSolution
		{144F5930-6145-4F73-9D47-25CB0A64DD72}.Debug|Any CPU.Build.0 = Debug|Any CPU
		{144F5930-6145-4F73-9D47-25CB0A64DD72}.Debug|Any CPU.ActiveCfg = Debug|Any CPU
		{144F5930-6145-4F73-9D47-25CB0A64DD72}.Release|Any CPU.Build.0 = Release|Any CPU
		{144F5930-6145-4F73-9D47-25CB0A64DD72}.Release|Any CPU.ActiveCfg = Release|Any CPU
	EndGlobalSection
EndGlobal
